<Solution>
  <Folder Name="/src/">
    <Project Path="src/EvTap.Api/EvTap.Api.csproj" />
    <Project Path="src/EvTap.AppHost/EvTap.AppHost.csproj" />
    <Project Path="src/EvTap.ServiceDefaults/EvTap.ServiceDefaults.csproj" />
    <Project Path="src/EvTap.Shared.Contracts/EvTap.Shared.Contracts.csproj" />
    <Project Path="src/EvTap.Shared/EvTap.Shared.csproj" />
    <Project Path="src/Modules/EvTap.Modules.Listings/EvTap.Modules.Listings.csproj" />
    <Project Path="src/Modules/EvTap.Modules.Messaging/EvTap.Modules.Messaging.csproj" />
    <Project Path="src/Modules/EvTap.Modules.Notifications/EvTap.Modules.Notifications.csproj" />
    <Project Path="src/Modules/EvTap.Modules.SavedSearches/EvTap.Modules.SavedSearches.csproj" />
    <Project Path="src/Modules/EvTap.Modules.Users/EvTap.Modules.Users.csproj" />
  </Folder>
  <Folder Name="/tests/">
    <Project Path="tests/EvTap.IntegrationTests/EvTap.IntegrationTests.csproj" />
  </Folder>
</Solution>
